
Microsoft Visual Studio Solution File, Format Version 11.00
# Visual Studio 2010
Project("{FAE04EC0-301F-11D3-BF4B-00C04F79EFBC}") = "Unity.Timeline", "Unity.Timeline.csproj", "{1fa57da0-8493-6e30-46cf-ea528425ca2c}"
EndProject
Project("{FAE04EC0-301F-11D3-BF4B-00C04F79EFBC}") = "Unity.InputSystem", "Unity.InputSystem.csproj", "{9d4ff6a8-5397-7ed0-054a-b68f6b994351}"
EndProject
Project("{FAE04EC0-301F-11D3-BF4B-00C04F79EFBC}") = "Unity.2D.Aseprite.Editor", "Unity.2D.Aseprite.Editor.csproj", "{8e5b03dc-3de5-3573-2615-d90e46422ac0}"
EndProject
Project("{FAE04EC0-301F-11D3-BF4B-00C04F79EFBC}") = "Unity.VisualScripting.Flow", "Unity.VisualScripting.Flow.csproj", "{a97a0794-8390-1484-a96f-01cad9743c6d}"
EndProject
Project("{FAE04EC0-301F-11D3-BF4B-00C04F79EFBC}") = "Unity.Timeline.Editor", "Unity.Timeline.Editor.csproj", "{28819a50-e27e-5e79-514d-469fd5438793}"
EndProject
Project("{FAE04EC0-301F-11D3-BF4B-00C04F79EFBC}") = "Unity.PlasticSCM.Editor", "Unity.PlasticSCM.Editor.csproj", "{804e1790-1897-f105-39eb-261da7b5e26b}"
EndProject
Project("{FAE04EC0-301F-11D3-BF4B-00C04F79EFBC}") = "Unity.Mathematics", "Unity.Mathematics.csproj", "{09f0e42a-ae35-313f-f18d-da8b7d9a45ab}"
EndProject
Project("{FAE04EC0-301F-11D3-BF4B-00C04F79EFBC}") = "Unity.2D.Common.Path.Editor", "Unity.2D.Common.Path.Editor.csproj", "{ce152f55-bddf-dc71-2c3c-251ed8b182e2}"
EndProject
Project("{FAE04EC0-301F-11D3-BF4B-00C04F79EFBC}") = "Unity.2D.Psdimporter.Editor", "Unity.2D.Psdimporter.Editor.csproj", "{432a4233-3ea7-d207-ffe4-cbb43bf220db}"
EndProject
Project("{FAE04EC0-301F-11D3-BF4B-00C04F79EFBC}") = "Unity.VisualScripting.Core.Editor", "Unity.VisualScripting.Core.Editor.csproj", "{f942435d-343f-bd6d-3ed7-1b0af0ea88f5}"
EndProject
Project("{FAE04EC0-301F-11D3-BF4B-00C04F79EFBC}") = "Unity.2D.IK.Runtime", "Unity.2D.IK.Runtime.csproj", "{dbaa012c-477b-d71d-13bb-0f1854ea6555}"
EndProject
Project("{FAE04EC0-301F-11D3-BF4B-00C04F79EFBC}") = "UnityEditor.TestRunner", "UnityEditor.TestRunner.csproj", "{975f1ca5-8b29-971c-9032-4ffb78d91dec}"
EndProject
Project("{FAE04EC0-301F-11D3-BF4B-00C04F79EFBC}") = "Unity.TextMeshPro.Editor", "Unity.TextMeshPro.Editor.csproj", "{ddfffad0-5a1b-584d-67d6-6a4c3a61b49f}"
EndProject
Project("{FAE04EC0-301F-11D3-BF4B-00C04F79EFBC}") = "Unity.VisualScripting.Flow.Editor", "Unity.VisualScripting.Flow.Editor.csproj", "{b721e662-7d4a-a078-c809-4f01a5f4c640}"
EndProject
Project("{FAE04EC0-301F-11D3-BF4B-00C04F79EFBC}") = "UnityEngine.TestRunner", "UnityEngine.TestRunner.csproj", "{6484a953-e90a-3f95-a71d-e6d467c4c38f}"
EndProject
Project("{FAE04EC0-301F-11D3-BF4B-00C04F79EFBC}") = "Unity.VisualScripting.Core", "Unity.VisualScripting.Core.csproj", "{fc2fae64-6b04-cda7-9190-a8c413d602c5}"
EndProject
Project("{FAE04EC0-301F-11D3-BF4B-00C04F79EFBC}") = "Ink-Libraries", "Ink-Libraries.csproj", "{acbb8b78-69e8-7eca-2bd8-fe6e0ea42d39}"
EndProject
Project("{FAE04EC0-301F-11D3-BF4B-00C04F79EFBC}") = "Unity.Searcher.Editor", "Unity.Searcher.Editor.csproj", "{21fe8937-1c84-f0a3-2fc3-07c228db41b5}"
EndProject
Project("{FAE04EC0-301F-11D3-BF4B-00C04F79EFBC}") = "Unity.Burst", "Unity.Burst.csproj", "{3aeab839-0368-0fcb-5d12-de532aa51bf4}"
EndProject
Project("{FAE04EC0-301F-11D3-BF4B-00C04F79EFBC}") = "PsdPlugin", "PsdPlugin.csproj", "{7f0c1366-78ba-18b7-a559-fe32ea46b3d1}"
EndProject
Project("{FAE04EC0-301F-11D3-BF4B-00C04F79EFBC}") = "Unity.AI.Navigation.Editor", "Unity.AI.Navigation.Editor.csproj", "{f72f062e-83e8-2631-aa81-f8512709d10b}"
EndProject
Project("{FAE04EC0-301F-11D3-BF4B-00C04F79EFBC}") = "Unity.Collections", "Unity.Collections.csproj", "{2f65cc8c-68d9-4e98-787e-66e90bf652a4}"
EndProject
Project("{FAE04EC0-301F-11D3-BF4B-00C04F79EFBC}") = "Cinemachine", "Cinemachine.csproj", "{f486a880-c9f1-b72a-2525-f5ae354b08c8}"
EndProject
Project("{FAE04EC0-301F-11D3-BF4B-00C04F79EFBC}") = "Unity.2D.Animation.Editor", "Unity.2D.Animation.Editor.csproj", "{3865f058-4cbd-9002-5907-e9f9a8a621a2}"
EndProject
Project("{FAE04EC0-301F-11D3-BF4B-00C04F79EFBC}") = "Unity.2D.SpriteShape.Editor", "Unity.2D.SpriteShape.Editor.csproj", "{d484cad1-e70c-df55-324e-ce402c0d7453}"
EndProject
Project("{FAE04EC0-301F-11D3-BF4B-00C04F79EFBC}") = "Unity.VisualStudio.Editor", "Unity.VisualStudio.Editor.csproj", "{c28826c8-e02c-f31d-4cf3-ea88732e5847}"
EndProject
Project("{FAE04EC0-301F-11D3-BF4B-00C04F79EFBC}") = "Unity.Rider.Editor", "Unity.Rider.Editor.csproj", "{a3b4c7d0-13d0-c4e2-3dce-a1976a873001}"
EndProject
Project("{FAE04EC0-301F-11D3-BF4B-00C04F79EFBC}") = "Unity.InternalAPIEditorBridge.001", "Unity.InternalAPIEditorBridge.001.csproj", "{3ade5175-66dc-9662-c68d-9a5d65280f30}"
EndProject
Project("{FAE04EC0-301F-11D3-BF4B-00C04F79EFBC}") = "Unity.2D.SpriteShape.Runtime", "Unity.2D.SpriteShape.Runtime.csproj", "{f4e40088-5e58-978e-0e47-08965dafc499}"
EndProject
Project("{FAE04EC0-301F-11D3-BF4B-00C04F79EFBC}") = "Assembly-CSharp", "Assembly-CSharp.csproj", "{2f746f36-0bd0-ffc2-520d-ba6b0fa7bfba}"
EndProject
Project("{FAE04EC0-301F-11D3-BF4B-00C04F79EFBC}") = "Unity.AI.Navigation.Editor.ConversionSystem", "Unity.AI.Navigation.Editor.ConversionSystem.csproj", "{0150c9cf-2a57-9e97-039e-ebf61c4a84f3}"
EndProject
Project("{FAE04EC0-301F-11D3-BF4B-00C04F79EFBC}") = "Unity.VisualScripting.State.Editor", "Unity.VisualScripting.State.Editor.csproj", "{7146475b-13b4-dfbd-ee10-131a7845262e}"
EndProject
Project("{FAE04EC0-301F-11D3-BF4B-00C04F79EFBC}") = "com.unity.cinemachine.editor", "com.unity.cinemachine.editor.csproj", "{de48eba2-ae95-1b07-5019-41afc8c43e24}"
EndProject
Project("{FAE04EC0-301F-11D3-BF4B-00C04F79EFBC}") = "Unity.Burst.CodeGen", "Unity.Burst.CodeGen.csproj", "{f886b9c7-a371-8313-f947-56258ecccfcf}"
EndProject
Project("{FAE04EC0-301F-11D3-BF4B-00C04F79EFBC}") = "Unity.AI.Navigation", "Unity.AI.Navigation.csproj", "{29d1cbd1-1d3b-86b0-93c1-3b11e7d7119f}"
EndProject
Project("{FAE04EC0-301F-11D3-BF4B-00C04F79EFBC}") = "Unity.VisualScripting.State", "Unity.VisualScripting.State.csproj", "{64ba3fe4-67c3-c688-738f-e18917464e65}"
EndProject
Project("{FAE04EC0-301F-11D3-BF4B-00C04F79EFBC}") = "Unity.TextMeshPro", "Unity.TextMeshPro.csproj", "{7a55de43-b29c-faa7-0b85-265622e43304}"
EndProject
Project("{FAE04EC0-301F-11D3-BF4B-00C04F79EFBC}") = "Unity.2D.Tilemap.Extras.Editor", "Unity.2D.Tilemap.Extras.Editor.csproj", "{c8abbdfc-a848-e19f-ee3d-c476e5e57fba}"
EndProject
Project("{FAE04EC0-301F-11D3-BF4B-00C04F79EFBC}") = "Unity.2D.Animation.Runtime", "Unity.2D.Animation.Runtime.csproj", "{55c81710-dfda-8a46-f29a-bef2aadf7cfb}"
EndProject
Project("{FAE04EC0-301F-11D3-BF4B-00C04F79EFBC}") = "Unity.VisualScripting.SettingsProvider.Editor", "Unity.VisualScripting.SettingsProvider.Editor.csproj", "{7f941dda-42e5-8d44-4cef-1a0799102b87}"
EndProject
Project("{FAE04EC0-301F-11D3-BF4B-00C04F79EFBC}") = "Unity.VSCode.Editor", "Unity.VSCode.Editor.csproj", "{9c5388c7-f468-b3be-197c-c4e252f1be9b}"
EndProject
Project("{FAE04EC0-301F-11D3-BF4B-00C04F79EFBC}") = "Unity.2D.IK.Editor", "Unity.2D.IK.Editor.csproj", "{7b06cc84-058d-a945-1fae-491a5fed543e}"
EndProject
Project("{FAE04EC0-301F-11D3-BF4B-00C04F79EFBC}") = "Unity.InternalAPIEngineBridge.001", "Unity.InternalAPIEngineBridge.001.csproj", "{42725ba3-1372-9d4f-8bed-9b4e3e420812}"
EndProject
Project("{FAE04EC0-301F-11D3-BF4B-00C04F79EFBC}") = "InkEditor", "InkEditor.csproj", "{7ad93f4a-6f21-610a-53a3-c227749fa06a}"
EndProject
Project("{FAE04EC0-301F-11D3-BF4B-00C04F79EFBC}") = "Unity.2D.Aseprite.Common", "Unity.2D.Aseprite.Common.csproj", "{cf644218-1711-f057-b34a-bdd218086fb3}"
EndProject
Project("{FAE04EC0-301F-11D3-BF4B-00C04F79EFBC}") = "Unity.Burst.Editor", "Unity.Burst.Editor.csproj", "{8dea0dc8-b43d-f574-db90-bcc2bbb81336}"
EndProject
Project("{FAE04EC0-301F-11D3-BF4B-00C04F79EFBC}") = "Unity.2D.Common.Editor", "Unity.2D.Common.Editor.csproj", "{316b0c63-031b-6b25-0288-a9761c302b63}"
EndProject
Project("{FAE04EC0-301F-11D3-BF4B-00C04F79EFBC}") = "Unity.Sysroot.Linux_x86_64", "Unity.Sysroot.Linux_x86_64.csproj", "{6ce06078-ba47-99fc-80df-e6981a7b4c4a}"
EndProject
Project("{FAE04EC0-301F-11D3-BF4B-00C04F79EFBC}") = "Unity.AI.Navigation.Updater", "Unity.AI.Navigation.Updater.csproj", "{684e0589-842f-5f49-4c3f-52d2dd22387f}"
EndProject
Project("{FAE04EC0-301F-11D3-BF4B-00C04F79EFBC}") = "aghcoin.coinpkg.logging", "aghcoin.coinpkg.logging.csproj", "{89aa6ca1-dd00-8e68-2a20-5a526fd9a113}"
EndProject
Project("{FAE04EC0-301F-11D3-BF4B-00C04F79EFBC}") = "Unity.2D.PixelPerfect", "Unity.2D.PixelPerfect.csproj", "{9d3cc509-09f0-e9b2-5937-3607d16cfedd}"
EndProject
Project("{FAE04EC0-301F-11D3-BF4B-00C04F79EFBC}") = "Unity.2D.PixelPerfect.Editor", "Unity.2D.PixelPerfect.Editor.csproj", "{6ebeec83-8c30-dce7-bf10-9bbb741b4a67}"
EndProject
Project("{FAE04EC0-301F-11D3-BF4B-00C04F79EFBC}") = "Unity.2D.Common.Runtime", "Unity.2D.Common.Runtime.csproj", "{62050f5e-3711-8c96-0de1-94fbebed73ef}"
EndProject
Project("{FAE04EC0-301F-11D3-BF4B-00C04F79EFBC}") = "Unity.InputSystem.ForUI", "Unity.InputSystem.ForUI.csproj", "{a34ccab6-de4a-a3f3-e8c6-a040ce017cc7}"
EndProject
Project("{FAE04EC0-301F-11D3-BF4B-00C04F79EFBC}") = "Unity.Mathematics.Editor", "Unity.Mathematics.Editor.csproj", "{aa52331e-fb8f-8345-fc19-95d1ff574906}"
EndProject
Project("{FAE04EC0-301F-11D3-BF4B-00C04F79EFBC}") = "Unity.2D.Tilemap.Extras", "Unity.2D.Tilemap.Extras.csproj", "{4ca0219f-a35b-71f2-a604-21bfdca972ce}"
EndProject
Project("{FAE04EC0-301F-11D3-BF4B-00C04F79EFBC}") = "Unity.InputSystem.TestFramework", "Unity.InputSystem.TestFramework.csproj", "{874de4a2-1923-087c-59b4-aa85748f3629}"
EndProject
Project("{FAE04EC0-301F-11D3-BF4B-00C04F79EFBC}") = "Unity.SysrootPackage.Editor", "Unity.SysrootPackage.Editor.csproj", "{f5a798ee-94b8-49a9-b2d6-91241d0e6cb3}"
EndProject
Project("{FAE04EC0-301F-11D3-BF4B-00C04F79EFBC}") = "Unity.InternalAPIEditorBridge.005", "Unity.InternalAPIEditorBridge.005.csproj", "{d39f44d0-42cb-3869-624d-46586c1fa87b}"
EndProject
Project("{FAE04EC0-301F-11D3-BF4B-00C04F79EFBC}") = "Unity.VisualScripting.Shared.Editor", "Unity.VisualScripting.Shared.Editor.csproj", "{695b10c8-0189-a944-ae26-f3b977408fa5}"
EndProject
Project("{FAE04EC0-301F-11D3-BF4B-00C04F79EFBC}") = "Unity.Toolchain.Win-x86_64-Linux-x86_64", "Unity.Toolchain.Win-x86_64-Linux-x86_64.csproj", "{553dc7e1-29ac-2875-62f5-ca4379fe1781}"
EndProject
Project("{FAE04EC0-301F-11D3-BF4B-00C04F79EFBC}") = "Assembly-CSharp-Editor", "Assembly-CSharp-Editor.csproj", "{27d206bf-eb94-6194-7148-1a4284e79584}"
EndProject
Project("{FAE04EC0-301F-11D3-BF4B-00C04F79EFBC}") = "Unity.Collections.DocCodeSamples", "Unity.Collections.DocCodeSamples.csproj", "{1a36b631-2744-aac3-13f5-c847b15fa1dc}"
EndProject
Project("{FAE04EC0-301F-11D3-BF4B-00C04F79EFBC}") = "Unity.Collections.BurstCompatibilityGen", "Unity.Collections.BurstCompatibilityGen.csproj", "{f8b667a8-91af-14fd-32bb-94c82cb3aa97}"
EndProject
Project("{FAE04EC0-301F-11D3-BF4B-00C04F79EFBC}") = "Unity.CollabProxy.Editor", "Unity.CollabProxy.Editor.csproj", "{4aabf28e-148f-5d39-bcc1-8f54a33c3b69}"
EndProject
Project("{FAE04EC0-301F-11D3-BF4B-00C04F79EFBC}") = "Unity.Burst.Tests.UnitTests", "Unity.Burst.Tests.UnitTests.csproj", "{006a74ef-32bd-0f5c-24c2-a6f007b96ecf}"
EndProject
Project("{FAE04EC0-301F-11D3-BF4B-00C04F79EFBC}") = "Unity.Mathematics.Tests", "Unity.Mathematics.Tests.csproj", "{4e687e74-f7a5-a5a0-2b48-0437d592b8c2}"
EndProject
Project("{FAE04EC0-301F-11D3-BF4B-00C04F79EFBC}") = "Unity.TextMeshPro.Tests", "Unity.TextMeshPro.Tests.csproj", "{25417d51-f358-c397-ea18-70defd4176c5}"
EndProject
Project("{FAE04EC0-301F-11D3-BF4B-00C04F79EFBC}") = "Unity.2D.Aseprite.EditorTests", "Unity.2D.Aseprite.EditorTests.csproj", "{a845f8d6-dff0-0bd0-8949-1c8ec2bf4a64}"
EndProject
Project("{FAE04EC0-301F-11D3-BF4B-00C04F79EFBC}") = "Unity.2D.PixelPerfect.EditorTests", "Unity.2D.PixelPerfect.EditorTests.csproj", "{c5ed14ad-4ec0-3708-cd95-5d13bcccefd6}"
EndProject
Project("{FAE04EC0-301F-11D3-BF4B-00C04F79EFBC}") = "Unity.Burst.Editor.Tests", "Unity.Burst.Editor.Tests.csproj", "{ef4b993d-e355-839e-ce03-2a5b51cec5e1}"
EndProject
Project("{FAE04EC0-301F-11D3-BF4B-00C04F79EFBC}") = "Unity.Toolchain.Win-x86_64-Linux-x86_64.EditorTests", "Unity.Toolchain.Win-x86_64-Linux-x86_64.EditorTests.csproj", "{3000fb86-6b7a-cd1c-65d1-cf58a6314e4b}"
EndProject
Project("{FAE04EC0-301F-11D3-BF4B-00C04F79EFBC}") = "Unity.2D.SpriteShape.EditorTests", "Unity.2D.SpriteShape.EditorTests.csproj", "{ffac8f26-8fd2-c06e-d231-ca5adcf7c59f}"
EndProject
Project("{FAE04EC0-301F-11D3-BF4B-00C04F79EFBC}") = "Unity.2D.Common.EditorTests", "Unity.2D.Common.EditorTests.csproj", "{e3c8d8d7-c41f-7f79-9fb6-46bbc02e6dc6}"
EndProject
Project("{FAE04EC0-301F-11D3-BF4B-00C04F79EFBC}") = "Unity.Searcher.EditorTests", "Unity.Searcher.EditorTests.csproj", "{f0bbe674-43e8-8669-4291-94f20e338092}"
EndProject
Project("{FAE04EC0-301F-11D3-BF4B-00C04F79EFBC}") = "Unity.2D.Psdimporter.EditorTests", "Unity.2D.Psdimporter.EditorTests.csproj", "{46369afc-6261-cf5d-4b0f-72b37007d3af}"
EndProject
Project("{FAE04EC0-301F-11D3-BF4B-00C04F79EFBC}") = "DocCodeExamples", "DocCodeExamples.csproj", "{f1731887-c82a-06ef-cd0a-a688cda13ad5}"
EndProject
Project("{FAE04EC0-301F-11D3-BF4B-00C04F79EFBC}") = "Unity.Sysroot.Linux_x86_64.EditorTests", "Unity.Sysroot.Linux_x86_64.EditorTests.csproj", "{6dacb5f6-3ecf-ee68-79e5-6c49f97cb883}"
EndProject
Project("{FAE04EC0-301F-11D3-BF4B-00C04F79EFBC}") = "Unity.AI.Navigation.Tests", "Unity.AI.Navigation.Tests.csproj", "{123b8d1e-44b0-c81f-bd63-2f5bfee0d031}"
EndProject
Project("{FAE04EC0-301F-11D3-BF4B-00C04F79EFBC}") = "Unity.TextMeshPro.Editor.Tests", "Unity.TextMeshPro.Editor.Tests.csproj", "{38a1d4c6-9dbd-1af5-bab2-2d7b6f4207e9}"
EndProject
Project("{FAE04EC0-301F-11D3-BF4B-00C04F79EFBC}") = "Unity.InputSystem.IntegrationTests", "Unity.InputSystem.IntegrationTests.csproj", "{557a2c71-1dd4-410e-692f-2d1d7424d649}"
EndProject
Project("{FAE04EC0-301F-11D3-BF4B-00C04F79EFBC}") = "Cinemachine.Editor.Tests", "Cinemachine.Editor.Tests.csproj", "{ffc4bf01-e09f-5547-ce8c-7567309c6360}"
EndProject
Project("{FAE04EC0-301F-11D3-BF4B-00C04F79EFBC}") = "Unity.2D.Tilemap.Extras.Placeholder.EditorTests", "Unity.2D.Tilemap.Extras.Placeholder.EditorTests.csproj", "{cc522e41-21fa-d26f-0590-13d2e200e838}"
EndProject
Project("{FAE04EC0-301F-11D3-BF4B-00C04F79EFBC}") = "Unity.Collections.Tests", "Unity.Collections.Tests.csproj", "{46629f60-2ee4-3aff-c331-27b07d5e95c6}"
EndProject
Project("{FAE04EC0-301F-11D3-BF4B-00C04F79EFBC}") = "Unity.AI.Navigation.Editor.Tests", "Unity.AI.Navigation.Editor.Tests.csproj", "{e5343f5c-c40d-800e-2073-d5d733a4ee8d}"
EndProject
Project("{FAE04EC0-301F-11D3-BF4B-00C04F79EFBC}") = "Unity.2D.Animation.EditorTests", "Unity.2D.Animation.EditorTests.csproj", "{98e5ac89-0bff-12f8-efd4-30fa9887027d}"
EndProject
Project("{FAE04EC0-301F-11D3-BF4B-00C04F79EFBC}") = "Unity.Collections.Tests.Playmode", "Unity.Collections.Tests.Playmode.csproj", "{07a575a1-cf87-8d3f-21ff-4da9d7b5faa3}"
EndProject
Project("{FAE04EC0-301F-11D3-BF4B-00C04F79EFBC}") = "SeparateAssembly", "SeparateAssembly.csproj", "{edc2b549-28ec-0f54-c170-e4567f66f1bd}"
EndProject
Project("{FAE04EC0-301F-11D3-BF4B-00C04F79EFBC}") = "Unity.Sysroot.EditorTests", "Unity.Sysroot.EditorTests.csproj", "{e1457661-02bd-151d-048e-352c418863bc}"
EndProject
Project("{FAE04EC0-301F-11D3-BF4B-00C04F79EFBC}") = "Cinemachine.Runtime.Tests", "Cinemachine.Runtime.Tests.csproj", "{8a2b3423-6aeb-8893-ee7f-c8e33b4f7812}"
EndProject
Project("{FAE04EC0-301F-11D3-BF4B-00C04F79EFBC}") = "OverloadedFunctionPointers", "OverloadedFunctionPointers.csproj", "{af5945de-dd73-3125-c4d2-3056f076adb8}"
EndProject
Global
	GlobalSection(SolutionConfigurationPlatforms) = preSolution
		Debug|Any CPU = Debug|Any CPU
	EndGlobalSection
	GlobalSection(ProjectConfigurationPlatforms) = postSolution
		{1fa57da0-8493-6e30-46cf-ea528425ca2c}.Debug|Any CPU.ActiveCfg = Debug|Any CPU
		{1fa57da0-8493-6e30-46cf-ea528425ca2c}.Debug|Any CPU.Build.0 = Debug|Any CPU
		{9d4ff6a8-5397-7ed0-054a-b68f6b994351}.Debug|Any CPU.ActiveCfg = Debug|Any CPU
		{9d4ff6a8-5397-7ed0-054a-b68f6b994351}.Debug|Any CPU.Build.0 = Debug|Any CPU
		{8e5b03dc-3de5-3573-2615-d90e46422ac0}.Debug|Any CPU.ActiveCfg = Debug|Any CPU
		{8e5b03dc-3de5-3573-2615-d90e46422ac0}.Debug|Any CPU.Build.0 = Debug|Any CPU
		{a97a0794-8390-1484-a96f-01cad9743c6d}.Debug|Any CPU.ActiveCfg = Debug|Any CPU
		{a97a0794-8390-1484-a96f-01cad9743c6d}.Debug|Any CPU.Build.0 = Debug|Any CPU
		{28819a50-e27e-5e79-514d-469fd5438793}.Debug|Any CPU.ActiveCfg = Debug|Any CPU
		{28819a50-e27e-5e79-514d-469fd5438793}.Debug|Any CPU.Build.0 = Debug|Any CPU
		{804e1790-1897-f105-39eb-261da7b5e26b}.Debug|Any CPU.ActiveCfg = Debug|Any CPU
		{804e1790-1897-f105-39eb-261da7b5e26b}.Debug|Any CPU.Build.0 = Debug|Any CPU
		{09f0e42a-ae35-313f-f18d-da8b7d9a45ab}.Debug|Any CPU.ActiveCfg = Debug|Any CPU
		{09f0e42a-ae35-313f-f18d-da8b7d9a45ab}.Debug|Any CPU.Build.0 = Debug|Any CPU
		{ce152f55-bddf-dc71-2c3c-251ed8b182e2}.Debug|Any CPU.ActiveCfg = Debug|Any CPU
		{ce152f55-bddf-dc71-2c3c-251ed8b182e2}.Debug|Any CPU.Build.0 = Debug|Any CPU
		{432a4233-3ea7-d207-ffe4-cbb43bf220db}.Debug|Any CPU.ActiveCfg = Debug|Any CPU
		{432a4233-3ea7-d207-ffe4-cbb43bf220db}.Debug|Any CPU.Build.0 = Debug|Any CPU
		{f942435d-343f-bd6d-3ed7-1b0af0ea88f5}.Debug|Any CPU.ActiveCfg = Debug|Any CPU
		{f942435d-343f-bd6d-3ed7-1b0af0ea88f5}.Debug|Any CPU.Build.0 = Debug|Any CPU
		{dbaa012c-477b-d71d-13bb-0f1854ea6555}.Debug|Any CPU.ActiveCfg = Debug|Any CPU
		{dbaa012c-477b-d71d-13bb-0f1854ea6555}.Debug|Any CPU.Build.0 = Debug|Any CPU
		{975f1ca5-8b29-971c-9032-4ffb78d91dec}.Debug|Any CPU.ActiveCfg = Debug|Any CPU
		{975f1ca5-8b29-971c-9032-4ffb78d91dec}.Debug|Any CPU.Build.0 = Debug|Any CPU
		{ddfffad0-5a1b-584d-67d6-6a4c3a61b49f}.Debug|Any CPU.ActiveCfg = Debug|Any CPU
		{ddfffad0-5a1b-584d-67d6-6a4c3a61b49f}.Debug|Any CPU.Build.0 = Debug|Any CPU
		{b721e662-7d4a-a078-c809-4f01a5f4c640}.Debug|Any CPU.ActiveCfg = Debug|Any CPU
		{b721e662-7d4a-a078-c809-4f01a5f4c640}.Debug|Any CPU.Build.0 = Debug|Any CPU
		{6484a953-e90a-3f95-a71d-e6d467c4c38f}.Debug|Any CPU.ActiveCfg = Debug|Any CPU
		{6484a953-e90a-3f95-a71d-e6d467c4c38f}.Debug|Any CPU.Build.0 = Debug|Any CPU
		{fc2fae64-6b04-cda7-9190-a8c413d602c5}.Debug|Any CPU.ActiveCfg = Debug|Any CPU
		{fc2fae64-6b04-cda7-9190-a8c413d602c5}.Debug|Any CPU.Build.0 = Debug|Any CPU
		{acbb8b78-69e8-7eca-2bd8-fe6e0ea42d39}.Debug|Any CPU.ActiveCfg = Debug|Any CPU
		{acbb8b78-69e8-7eca-2bd8-fe6e0ea42d39}.Debug|Any CPU.Build.0 = Debug|Any CPU
		{21fe8937-1c84-f0a3-2fc3-07c228db41b5}.Debug|Any CPU.ActiveCfg = Debug|Any CPU
		{21fe8937-1c84-f0a3-2fc3-07c228db41b5}.Debug|Any CPU.Build.0 = Debug|Any CPU
		{3aeab839-0368-0fcb-5d12-de532aa51bf4}.Debug|Any CPU.ActiveCfg = Debug|Any CPU
		{3aeab839-0368-0fcb-5d12-de532aa51bf4}.Debug|Any CPU.Build.0 = Debug|Any CPU
		{7f0c1366-78ba-18b7-a559-fe32ea46b3d1}.Debug|Any CPU.ActiveCfg = Debug|Any CPU
		{7f0c1366-78ba-18b7-a559-fe32ea46b3d1}.Debug|Any CPU.Build.0 = Debug|Any CPU
		{f72f062e-83e8-2631-aa81-f8512709d10b}.Debug|Any CPU.ActiveCfg = Debug|Any CPU
		{f72f062e-83e8-2631-aa81-f8512709d10b}.Debug|Any CPU.Build.0 = Debug|Any CPU
		{2f65cc8c-68d9-4e98-787e-66e90bf652a4}.Debug|Any CPU.ActiveCfg = Debug|Any CPU
		{2f65cc8c-68d9-4e98-787e-66e90bf652a4}.Debug|Any CPU.Build.0 = Debug|Any CPU
		{f486a880-c9f1-b72a-2525-f5ae354b08c8}.Debug|Any CPU.ActiveCfg = Debug|Any CPU
		{f486a880-c9f1-b72a-2525-f5ae354b08c8}.Debug|Any CPU.Build.0 = Debug|Any CPU
		{3865f058-4cbd-9002-5907-e9f9a8a621a2}.Debug|Any CPU.ActiveCfg = Debug|Any CPU
		{3865f058-4cbd-9002-5907-e9f9a8a621a2}.Debug|Any CPU.Build.0 = Debug|Any CPU
		{d484cad1-e70c-df55-324e-ce402c0d7453}.Debug|Any CPU.ActiveCfg = Debug|Any CPU
		{d484cad1-e70c-df55-324e-ce402c0d7453}.Debug|Any CPU.Build.0 = Debug|Any CPU
		{c28826c8-e02c-f31d-4cf3-ea88732e5847}.Debug|Any CPU.ActiveCfg = Debug|Any CPU
		{c28826c8-e02c-f31d-4cf3-ea88732e5847}.Debug|Any CPU.Build.0 = Debug|Any CPU
		{a3b4c7d0-13d0-c4e2-3dce-a1976a873001}.Debug|Any CPU.ActiveCfg = Debug|Any CPU
		{a3b4c7d0-13d0-c4e2-3dce-a1976a873001}.Debug|Any CPU.Build.0 = Debug|Any CPU
		{3ade5175-66dc-9662-c68d-9a5d65280f30}.Debug|Any CPU.ActiveCfg = Debug|Any CPU
		{3ade5175-66dc-9662-c68d-9a5d65280f30}.Debug|Any CPU.Build.0 = Debug|Any CPU
		{f4e40088-5e58-978e-0e47-08965dafc499}.Debug|Any CPU.ActiveCfg = Debug|Any CPU
		{f4e40088-5e58-978e-0e47-08965dafc499}.Debug|Any CPU.Build.0 = Debug|Any CPU
		{2f746f36-0bd0-ffc2-520d-ba6b0fa7bfba}.Debug|Any CPU.ActiveCfg = Debug|Any CPU
		{2f746f36-0bd0-ffc2-520d-ba6b0fa7bfba}.Debug|Any CPU.Build.0 = Debug|Any CPU
		{0150c9cf-2a57-9e97-039e-ebf61c4a84f3}.Debug|Any CPU.ActiveCfg = Debug|Any CPU
		{0150c9cf-2a57-9e97-039e-ebf61c4a84f3}.Debug|Any CPU.Build.0 = Debug|Any CPU
		{7146475b-13b4-dfbd-ee10-131a7845262e}.Debug|Any CPU.ActiveCfg = Debug|Any CPU
		{7146475b-13b4-dfbd-ee10-131a7845262e}.Debug|Any CPU.Build.0 = Debug|Any CPU
		{de48eba2-ae95-1b07-5019-41afc8c43e24}.Debug|Any CPU.ActiveCfg = Debug|Any CPU
		{de48eba2-ae95-1b07-5019-41afc8c43e24}.Debug|Any CPU.Build.0 = Debug|Any CPU
		{f886b9c7-a371-8313-f947-56258ecccfcf}.Debug|Any CPU.ActiveCfg = Debug|Any CPU
		{f886b9c7-a371-8313-f947-56258ecccfcf}.Debug|Any CPU.Build.0 = Debug|Any CPU
		{29d1cbd1-1d3b-86b0-93c1-3b11e7d7119f}.Debug|Any CPU.ActiveCfg = Debug|Any CPU
		{29d1cbd1-1d3b-86b0-93c1-3b11e7d7119f}.Debug|Any CPU.Build.0 = Debug|Any CPU
		{64ba3fe4-67c3-c688-738f-e18917464e65}.Debug|Any CPU.ActiveCfg = Debug|Any CPU
		{64ba3fe4-67c3-c688-738f-e18917464e65}.Debug|Any CPU.Build.0 = Debug|Any CPU
		{7a55de43-b29c-faa7-0b85-265622e43304}.Debug|Any CPU.ActiveCfg = Debug|Any CPU
		{7a55de43-b29c-faa7-0b85-265622e43304}.Debug|Any CPU.Build.0 = Debug|Any CPU
		{c8abbdfc-a848-e19f-ee3d-c476e5e57fba}.Debug|Any CPU.ActiveCfg = Debug|Any CPU
		{c8abbdfc-a848-e19f-ee3d-c476e5e57fba}.Debug|Any CPU.Build.0 = Debug|Any CPU
		{55c81710-dfda-8a46-f29a-bef2aadf7cfb}.Debug|Any CPU.ActiveCfg = Debug|Any CPU
		{55c81710-dfda-8a46-f29a-bef2aadf7cfb}.Debug|Any CPU.Build.0 = Debug|Any CPU
		{7f941dda-42e5-8d44-4cef-1a0799102b87}.Debug|Any CPU.ActiveCfg = Debug|Any CPU
		{7f941dda-42e5-8d44-4cef-1a0799102b87}.Debug|Any CPU.Build.0 = Debug|Any CPU
		{9c5388c7-f468-b3be-197c-c4e252f1be9b}.Debug|Any CPU.ActiveCfg = Debug|Any CPU
		{9c5388c7-f468-b3be-197c-c4e252f1be9b}.Debug|Any CPU.Build.0 = Debug|Any CPU
		{7b06cc84-058d-a945-1fae-491a5fed543e}.Debug|Any CPU.ActiveCfg = Debug|Any CPU
		{7b06cc84-058d-a945-1fae-491a5fed543e}.Debug|Any CPU.Build.0 = Debug|Any CPU
		{42725ba3-1372-9d4f-8bed-9b4e3e420812}.Debug|Any CPU.ActiveCfg = Debug|Any CPU
		{42725ba3-1372-9d4f-8bed-9b4e3e420812}.Debug|Any CPU.Build.0 = Debug|Any CPU
		{7ad93f4a-6f21-610a-53a3-c227749fa06a}.Debug|Any CPU.ActiveCfg = Debug|Any CPU
		{7ad93f4a-6f21-610a-53a3-c227749fa06a}.Debug|Any CPU.Build.0 = Debug|Any CPU
		{cf644218-1711-f057-b34a-bdd218086fb3}.Debug|Any CPU.ActiveCfg = Debug|Any CPU
		{cf644218-1711-f057-b34a-bdd218086fb3}.Debug|Any CPU.Build.0 = Debug|Any CPU
		{8dea0dc8-b43d-f574-db90-bcc2bbb81336}.Debug|Any CPU.ActiveCfg = Debug|Any CPU
		{8dea0dc8-b43d-f574-db90-bcc2bbb81336}.Debug|Any CPU.Build.0 = Debug|Any CPU
		{316b0c63-031b-6b25-0288-a9761c302b63}.Debug|Any CPU.ActiveCfg = Debug|Any CPU
		{316b0c63-031b-6b25-0288-a9761c302b63}.Debug|Any CPU.Build.0 = Debug|Any CPU
		{6ce06078-ba47-99fc-80df-e6981a7b4c4a}.Debug|Any CPU.ActiveCfg = Debug|Any CPU
		{6ce06078-ba47-99fc-80df-e6981a7b4c4a}.Debug|Any CPU.Build.0 = Debug|Any CPU
		{684e0589-842f-5f49-4c3f-52d2dd22387f}.Debug|Any CPU.ActiveCfg = Debug|Any CPU
		{684e0589-842f-5f49-4c3f-52d2dd22387f}.Debug|Any CPU.Build.0 = Debug|Any CPU
		{89aa6ca1-dd00-8e68-2a20-5a526fd9a113}.Debug|Any CPU.ActiveCfg = Debug|Any CPU
		{89aa6ca1-dd00-8e68-2a20-5a526fd9a113}.Debug|Any CPU.Build.0 = Debug|Any CPU
		{9d3cc509-09f0-e9b2-5937-3607d16cfedd}.Debug|Any CPU.ActiveCfg = Debug|Any CPU
		{9d3cc509-09f0-e9b2-5937-3607d16cfedd}.Debug|Any CPU.Build.0 = Debug|Any CPU
		{6ebeec83-8c30-dce7-bf10-9bbb741b4a67}.Debug|Any CPU.ActiveCfg = Debug|Any CPU
		{6ebeec83-8c30-dce7-bf10-9bbb741b4a67}.Debug|Any CPU.Build.0 = Debug|Any CPU
		{62050f5e-3711-8c96-0de1-94fbebed73ef}.Debug|Any CPU.ActiveCfg = Debug|Any CPU
		{62050f5e-3711-8c96-0de1-94fbebed73ef}.Debug|Any CPU.Build.0 = Debug|Any CPU
		{a34ccab6-de4a-a3f3-e8c6-a040ce017cc7}.Debug|Any CPU.ActiveCfg = Debug|Any CPU
		{a34ccab6-de4a-a3f3-e8c6-a040ce017cc7}.Debug|Any CPU.Build.0 = Debug|Any CPU
		{aa52331e-fb8f-8345-fc19-95d1ff574906}.Debug|Any CPU.ActiveCfg = Debug|Any CPU
		{aa52331e-fb8f-8345-fc19-95d1ff574906}.Debug|Any CPU.Build.0 = Debug|Any CPU
		{4ca0219f-a35b-71f2-a604-21bfdca972ce}.Debug|Any CPU.ActiveCfg = Debug|Any CPU
		{4ca0219f-a35b-71f2-a604-21bfdca972ce}.Debug|Any CPU.Build.0 = Debug|Any CPU
		{874de4a2-1923-087c-59b4-aa85748f3629}.Debug|Any CPU.ActiveCfg = Debug|Any CPU
		{874de4a2-1923-087c-59b4-aa85748f3629}.Debug|Any CPU.Build.0 = Debug|Any CPU
		{f5a798ee-94b8-49a9-b2d6-91241d0e6cb3}.Debug|Any CPU.ActiveCfg = Debug|Any CPU
		{f5a798ee-94b8-49a9-b2d6-91241d0e6cb3}.Debug|Any CPU.Build.0 = Debug|Any CPU
		{d39f44d0-42cb-3869-624d-46586c1fa87b}.Debug|Any CPU.ActiveCfg = Debug|Any CPU
		{d39f44d0-42cb-3869-624d-46586c1fa87b}.Debug|Any CPU.Build.0 = Debug|Any CPU
		{695b10c8-0189-a944-ae26-f3b977408fa5}.Debug|Any CPU.ActiveCfg = Debug|Any CPU
		{695b10c8-0189-a944-ae26-f3b977408fa5}.Debug|Any CPU.Build.0 = Debug|Any CPU
		{553dc7e1-29ac-2875-62f5-ca4379fe1781}.Debug|Any CPU.ActiveCfg = Debug|Any CPU
		{553dc7e1-29ac-2875-62f5-ca4379fe1781}.Debug|Any CPU.Build.0 = Debug|Any CPU
		{27d206bf-eb94-6194-7148-1a4284e79584}.Debug|Any CPU.ActiveCfg = Debug|Any CPU
		{27d206bf-eb94-6194-7148-1a4284e79584}.Debug|Any CPU.Build.0 = Debug|Any CPU
		{1a36b631-2744-aac3-13f5-c847b15fa1dc}.Debug|Any CPU.ActiveCfg = Debug|Any CPU
		{1a36b631-2744-aac3-13f5-c847b15fa1dc}.Debug|Any CPU.Build.0 = Debug|Any CPU
		{f8b667a8-91af-14fd-32bb-94c82cb3aa97}.Debug|Any CPU.ActiveCfg = Debug|Any CPU
		{f8b667a8-91af-14fd-32bb-94c82cb3aa97}.Debug|Any CPU.Build.0 = Debug|Any CPU
		{4aabf28e-148f-5d39-bcc1-8f54a33c3b69}.Debug|Any CPU.ActiveCfg = Debug|Any CPU
		{4aabf28e-148f-5d39-bcc1-8f54a33c3b69}.Debug|Any CPU.Build.0 = Debug|Any CPU
		{006a74ef-32bd-0f5c-24c2-a6f007b96ecf}.Debug|Any CPU.ActiveCfg = Debug|Any CPU
		{006a74ef-32bd-0f5c-24c2-a6f007b96ecf}.Debug|Any CPU.Build.0 = Debug|Any CPU
		{4e687e74-f7a5-a5a0-2b48-0437d592b8c2}.Debug|Any CPU.ActiveCfg = Debug|Any CPU
		{4e687e74-f7a5-a5a0-2b48-0437d592b8c2}.Debug|Any CPU.Build.0 = Debug|Any CPU
		{25417d51-f358-c397-ea18-70defd4176c5}.Debug|Any CPU.ActiveCfg = Debug|Any CPU
		{25417d51-f358-c397-ea18-70defd4176c5}.Debug|Any CPU.Build.0 = Debug|Any CPU
		{a845f8d6-dff0-0bd0-8949-1c8ec2bf4a64}.Debug|Any CPU.ActiveCfg = Debug|Any CPU
		{a845f8d6-dff0-0bd0-8949-1c8ec2bf4a64}.Debug|Any CPU.Build.0 = Debug|Any CPU
		{c5ed14ad-4ec0-3708-cd95-5d13bcccefd6}.Debug|Any CPU.ActiveCfg = Debug|Any CPU
		{c5ed14ad-4ec0-3708-cd95-5d13bcccefd6}.Debug|Any CPU.Build.0 = Debug|Any CPU
		{ef4b993d-e355-839e-ce03-2a5b51cec5e1}.Debug|Any CPU.ActiveCfg = Debug|Any CPU
		{ef4b993d-e355-839e-ce03-2a5b51cec5e1}.Debug|Any CPU.Build.0 = Debug|Any CPU
		{3000fb86-6b7a-cd1c-65d1-cf58a6314e4b}.Debug|Any CPU.ActiveCfg = Debug|Any CPU
		{3000fb86-6b7a-cd1c-65d1-cf58a6314e4b}.Debug|Any CPU.Build.0 = Debug|Any CPU
		{ffac8f26-8fd2-c06e-d231-ca5adcf7c59f}.Debug|Any CPU.ActiveCfg = Debug|Any CPU
		{ffac8f26-8fd2-c06e-d231-ca5adcf7c59f}.Debug|Any CPU.Build.0 = Debug|Any CPU
		{e3c8d8d7-c41f-7f79-9fb6-46bbc02e6dc6}.Debug|Any CPU.ActiveCfg = Debug|Any CPU
		{e3c8d8d7-c41f-7f79-9fb6-46bbc02e6dc6}.Debug|Any CPU.Build.0 = Debug|Any CPU
		{f0bbe674-43e8-8669-4291-94f20e338092}.Debug|Any CPU.ActiveCfg = Debug|Any CPU
		{f0bbe674-43e8-8669-4291-94f20e338092}.Debug|Any CPU.Build.0 = Debug|Any CPU
		{46369afc-6261-cf5d-4b0f-72b37007d3af}.Debug|Any CPU.ActiveCfg = Debug|Any CPU
		{46369afc-6261-cf5d-4b0f-72b37007d3af}.Debug|Any CPU.Build.0 = Debug|Any CPU
		{f1731887-c82a-06ef-cd0a-a688cda13ad5}.Debug|Any CPU.ActiveCfg = Debug|Any CPU
		{f1731887-c82a-06ef-cd0a-a688cda13ad5}.Debug|Any CPU.Build.0 = Debug|Any CPU
		{6dacb5f6-3ecf-ee68-79e5-6c49f97cb883}.Debug|Any CPU.ActiveCfg = Debug|Any CPU
		{6dacb5f6-3ecf-ee68-79e5-6c49f97cb883}.Debug|Any CPU.Build.0 = Debug|Any CPU
		{123b8d1e-44b0-c81f-bd63-2f5bfee0d031}.Debug|Any CPU.ActiveCfg = Debug|Any CPU
		{123b8d1e-44b0-c81f-bd63-2f5bfee0d031}.Debug|Any CPU.Build.0 = Debug|Any CPU
		{38a1d4c6-9dbd-1af5-bab2-2d7b6f4207e9}.Debug|Any CPU.ActiveCfg = Debug|Any CPU
		{38a1d4c6-9dbd-1af5-bab2-2d7b6f4207e9}.Debug|Any CPU.Build.0 = Debug|Any CPU
		{557a2c71-1dd4-410e-692f-2d1d7424d649}.Debug|Any CPU.ActiveCfg = Debug|Any CPU
		{557a2c71-1dd4-410e-692f-2d1d7424d649}.Debug|Any CPU.Build.0 = Debug|Any CPU
		{ffc4bf01-e09f-5547-ce8c-7567309c6360}.Debug|Any CPU.ActiveCfg = Debug|Any CPU
		{ffc4bf01-e09f-5547-ce8c-7567309c6360}.Debug|Any CPU.Build.0 = Debug|Any CPU
		{cc522e41-21fa-d26f-0590-13d2e200e838}.Debug|Any CPU.ActiveCfg = Debug|Any CPU
		{cc522e41-21fa-d26f-0590-13d2e200e838}.Debug|Any CPU.Build.0 = Debug|Any CPU
		{46629f60-2ee4-3aff-c331-27b07d5e95c6}.Debug|Any CPU.ActiveCfg = Debug|Any CPU
		{46629f60-2ee4-3aff-c331-27b07d5e95c6}.Debug|Any CPU.Build.0 = Debug|Any CPU
		{e5343f5c-c40d-800e-2073-d5d733a4ee8d}.Debug|Any CPU.ActiveCfg = Debug|Any CPU
		{e5343f5c-c40d-800e-2073-d5d733a4ee8d}.Debug|Any CPU.Build.0 = Debug|Any CPU
		{98e5ac89-0bff-12f8-efd4-30fa9887027d}.Debug|Any CPU.ActiveCfg = Debug|Any CPU
		{98e5ac89-0bff-12f8-efd4-30fa9887027d}.Debug|Any CPU.Build.0 = Debug|Any CPU
		{07a575a1-cf87-8d3f-21ff-4da9d7b5faa3}.Debug|Any CPU.ActiveCfg = Debug|Any CPU
		{07a575a1-cf87-8d3f-21ff-4da9d7b5faa3}.Debug|Any CPU.Build.0 = Debug|Any CPU
		{edc2b549-28ec-0f54-c170-e4567f66f1bd}.Debug|Any CPU.ActiveCfg = Debug|Any CPU
		{edc2b549-28ec-0f54-c170-e4567f66f1bd}.Debug|Any CPU.Build.0 = Debug|Any CPU
		{e1457661-02bd-151d-048e-352c418863bc}.Debug|Any CPU.ActiveCfg = Debug|Any CPU
		{e1457661-02bd-151d-048e-352c418863bc}.Debug|Any CPU.Build.0 = Debug|Any CPU
		{8a2b3423-6aeb-8893-ee7f-c8e33b4f7812}.Debug|Any CPU.ActiveCfg = Debug|Any CPU
		{8a2b3423-6aeb-8893-ee7f-c8e33b4f7812}.Debug|Any CPU.Build.0 = Debug|Any CPU
		{af5945de-dd73-3125-c4d2-3056f076adb8}.Debug|Any CPU.ActiveCfg = Debug|Any CPU
		{af5945de-dd73-3125-c4d2-3056f076adb8}.Debug|Any CPU.Build.0 = Debug|Any CPU
	EndGlobalSection
	GlobalSection(SolutionProperties) = preSolution
		HideSolutionNode = FALSE
	EndGlobalSection
EndGlobal
